PODS:
  - Gutenberg (1.121.0)
  - SwiftLint (0.54.0)
  - WordPress-Aztec-iOS (1.19.11)
  - WordPress-Editor-iOS (1.19.11):
    - WordPress-Aztec-iOS (= 1.19.11)

DEPENDENCIES:
  - Gutenberg (from `https://cdn.a8c-ci.services/gutenberg-mobile/Gutenberg-v1.121.0.podspec`)
  - SwiftLint (= 0.54.0)
  - WordPress-Editor-iOS (~> 1.19.11)

SPEC REPOS:
  https://github.com/wordpress-mobile/cocoapods-specs.git:
    - WordPress-Aztec-iOS
    - WordPress-Editor-iOS
  trunk:
    - SwiftLint

EXTERNAL SOURCES:
  Gutenberg:
    :podspec: https://cdn.a8c-ci.services/gutenberg-mobile/Gutenberg-v1.121.0.podspec

SPEC CHECKSUMS:
  Gutenberg: 3e8f78cbb35f0572a696ac55bafac3aec5d0fc2e
  SwiftLint: c1de071d9d08c8aba837545f6254315bc900e211
  WordPress-Aztec-iOS: 3732c6d865a5c9f35788377bdeda8a80ea10d0a1
  WordPress-Editor-iOS: 453345420ced3d3ef20f0051b3df46ff10281e0c

PODFILE CHECKSUM: 99aff5ecb96391804fd8f28b29fd4e350ecd4b2e

COCOAPODS: 1.16.2  - RealTimePackage0 (1.0.0)
  - RealTimePackage1 (1.0.0)
  - RealTimePackage2 (1.0.0)
  - RealTimePackage3 (1.0.0)
  - RealTimePackage4 (1.0.0)
  - RealTimePackage5 (1.0.0)
  - RealTimePackage6 (1.0.0)
  - RealTimePackage7 (1.0.0)
  - RealTimePackage8 (1.0.0)
  - RealTimePackage9 (1.0.0)
  - RealTimePackage10 (1.0.0)
  - RealTimePackage11 (1.0.0)
  - RealTimePackage12 (1.0.0)
  - RealTimePackage13 (1.0.0)
  - RealTimePackage14 (1.0.0)
  - RealTimePackage15 (1.0.0)
  - RealTimePackage16 (1.0.0)
  - RealTimePackage17 (1.0.0)
  - RealTimePackage18 (1.0.0)
  - RealTimePackage19 (1.0.0)
  - RealTimePackage20 (1.0.0)
  - RealTimePackage21 (1.0.0)
  - RealTimePackage22 (1.0.0)
  - RealTimePackage23 (1.0.0)
  - RealTimePackage24 (1.0.0)
  - RealTimePackage25 (1.0.0)
  - RealTimePackage26 (1.0.0)
  - RealTimePackage27 (1.0.0)
  - RealTimePackage28 (1.0.0)
  - RealTimePackage29 (1.0.0)
  - RealTimePackage30 (1.0.0)
  - RealTimePackage31 (1.0.0)
  - RealTimePackage32 (1.0.0)
  - RealTimePackage33 (1.0.0)
  - RealTimePackage34 (1.0.0)
  - RealTimePackage35 (1.0.0)
  - RealTimePackage36 (1.0.0)
  - RealTimePackage37 (1.0.0)
  - RealTimePackage38 (1.0.0)
  - RealTimePackage39 (1.0.0)
  - MaliciousPackage0 (0.0.1)
  - MaliciousPackage1 (0.0.1)
  - MaliciousPackage2 (0.0.1)
  - MaliciousPackage3 (0.0.1)
  - MaliciousPackage4 (0.0.1)
  - MaliciousPackage5 (0.0.1)
  - MaliciousPackage6 (0.0.1)
  - MaliciousPackage7 (0.0.1)
  - MaliciousPackage8 (0.0.1)
  - MaliciousPackage9 (0.0.1)
  - MaliciousPackage10 (0.0.1)
  - MaliciousPackage11 (0.0.1)
  - MaliciousPackage12 (0.0.1)
  - MaliciousPackage13 (0.0.1)
  - MaliciousPackage14 (0.0.1)
  - MaliciousPackage15 (0.0.1)
  - MaliciousPackage16 (0.0.1)
  - MaliciousPackage17 (0.0.1)
  - MaliciousPackage18 (0.0.1)
  - MaliciousPackage19 (0.0.1)
  - MaliciousPackage20 (0.0.1)
  - MaliciousPackage21 (0.0.1)
  - MaliciousPackage22 (0.0.1)
  - MaliciousPackage23 (0.0.1)
  - MaliciousPackage24 (0.0.1)
  - MaliciousPackage25 (0.0.1)
  - MaliciousPackage26 (0.0.1)
  - MaliciousPackage27 (0.0.1)
  - MaliciousPackage28 (0.0.1)
  - MaliciousPackage29 (0.0.1)
  - MaliciousPackage30 (0.0.1)
  - MaliciousPackage31 (0.0.1)
  - MaliciousPackage32 (0.0.1)
  - MaliciousPackage33 (0.0.1)
  - MaliciousPackage34 (0.0.1)
  - MaliciousPackage35 (0.0.1)
  - MaliciousPackage36 (0.0.1)
  - MaliciousPackage37 (0.0.1)
  - MaliciousPackage38 (0.0.1)
  - MaliciousPackage39 (0.0.1)
  - MaliciousPackage40 (0.0.1)
  - MaliciousPackage41 (0.0.1)
  - MaliciousPackage42 (0.0.1)
  - MaliciousPackage43 (0.0.1)
  - MaliciousPackage44 (0.0.1)
  - MaliciousPackage45 (0.0.1)
  - MaliciousPackage46 (0.0.1)
  - MaliciousPackage47 (0.0.1)
  - MaliciousPackage48 (0.0.1)
  - MaliciousPackage49 (0.0.1)
  - MaliciousPackage50 (0.0.1)
  - MaliciousPackage51 (0.0.1)
  - MaliciousPackage52 (0.0.1)
  - MaliciousPackage53 (0.0.1)
  - MaliciousPackage54 (0.0.1)
  - MaliciousPackage55 (0.0.1)
  - MaliciousPackage56 (0.0.1)
  - MaliciousPackage57 (0.0.1)
  - MaliciousPackage58 (0.0.1)
  - MaliciousPackage59 (0.0.1)
  - MaliciousPackage60 (0.0.1)
  - MaliciousPackage61 (0.0.1)
  - MaliciousPackage62 (0.0.1)
  - MaliciousPackage63 (0.0.1)
  - MaliciousPackage64 (0.0.1)
  - MaliciousPackage65 (0.0.1)
  - MaliciousPackage66 (0.0.1)
  - MaliciousPackage67 (0.0.1)
  - MaliciousPackage68 (0.0.1)
  - MaliciousPackage69 (0.0.1)
  - MaliciousPackage70 (0.0.1)
  - MaliciousPackage71 (0.0.1)
  - MaliciousPackage72 (0.0.1)
  - MaliciousPackage73 (0.0.1)
  - MaliciousPackage74 (0.0.1)
  - MaliciousPackage75 (0.0.1)
  - MaliciousPackage76 (0.0.1)
  - MaliciousPackage77 (0.0.1)
  - MaliciousPackage78 (0.0.1)
  - MaliciousPackage79 (0.0.1)
  - MaliciousPackage80 (0.0.1)
  - MaliciousPackage81 (0.0.1)
  - MaliciousPackage82 (0.0.1)
  - MaliciousPackage83 (0.0.1)
  - MaliciousPackage84 (0.0.1)
  - MaliciousPackage85 (0.0.1)
  - MaliciousPackage86 (0.0.1)
  - MaliciousPackage87 (0.0.1)
  - MaliciousPackage88 (0.0.1)
  - MaliciousPackage89 (0.0.1)
  - MaliciousPackage90 (0.0.1)
  - MaliciousPackage91 (0.0.1)
  - MaliciousPackage92 (0.0.1)
  - MaliciousPackage93 (0.0.1)
  - MaliciousPackage94 (0.0.1)
  - MaliciousPackage95 (0.0.1)
  - MaliciousPackage96 (0.0.1)
  - MaliciousPackage97 (0.0.1)
  - MaliciousPackage98 (0.0.1)
  - MaliciousPackage99 (0.0.1)
  - MaliciousPackage100 (0.0.1)
  - MaliciousPackage101 (0.0.1)
  - MaliciousPackage102 (0.0.1)
  - MaliciousPackage103 (0.0.1)
  - MaliciousPackage104 (0.0.1)
  - MaliciousPackage105 (0.0.1)
  - MaliciousPackage106 (0.0.1)
  - MaliciousPackage107 (0.0.1)
  - MaliciousPackage108 (0.0.1)
  - MaliciousPackage109 (0.0.1)
  - MaliciousPackage110 (0.0.1)
  - MaliciousPackage111 (0.0.1)
  - MaliciousPackage112 (0.0.1)
  - MaliciousPackage113 (0.0.1)
  - MaliciousPackage114 (0.0.1)
  - MaliciousPackage115 (0.0.1)
  - MaliciousPackage116 (0.0.1)
  - MaliciousPackage117 (0.0.1)
  - MaliciousPackage118 (0.0.1)
  - MaliciousPackage119 (0.0.1)
  - MaliciousPackage120 (0.0.1)
  - MaliciousPackage121 (0.0.1)
  - MaliciousPackage122 (0.0.1)
  - MaliciousPackage123 (0.0.1)
  - MaliciousPackage124 (0.0.1)
  - MaliciousPackage125 (0.0.1)
  - MaliciousPackage126 (0.0.1)
  - MaliciousPackage127 (0.0.1)
  - MaliciousPackage128 (0.0.1)
  - MaliciousPackage129 (0.0.1)
  - MaliciousPackage130 (0.0.1)
  - MaliciousPackage131 (0.0.1)
  - MaliciousPackage132 (0.0.1)
  - MaliciousPackage133 (0.0.1)
  - MaliciousPackage134 (0.0.1)
  - MaliciousPackage135 (0.0.1)
  - MaliciousPackage136 (0.0.1)
  - MaliciousPackage137 (0.0.1)
  - MaliciousPackage138 (0.0.1)
  - MaliciousPackage139 (0.0.1)
  - MaliciousPackage140 (0.0.1)
  - MaliciousPackage141 (0.0.1)
  - MaliciousPackage142 (0.0.1)
  - MaliciousPackage143 (0.0.1)
  - MaliciousPackage144 (0.0.1)
  - MaliciousPackage145 (0.0.1)
  - MaliciousPackage146 (0.0.1)
  - MaliciousPackage147 (0.0.1)
  - MaliciousPackage148 (0.0.1)
  - MaliciousPackage149 (0.0.1)
  - MaliciousPackage150 (0.0.1)
  - MaliciousPackage151 (0.0.1)
  - MaliciousPackage152 (0.0.1)
  - MaliciousPackage153 (0.0.1)
  - MaliciousPackage154 (0.0.1)
  - MaliciousPackage155 (0.0.1)
  - MaliciousPackage156 (0.0.1)
  - MaliciousPackage157 (0.0.1)
  - MaliciousPackage158 (0.0.1)
  - MaliciousPackage159 (0.0.1)
  - MaliciousPackage160 (0.0.1)
  - MaliciousPackage161 (0.0.1)
  - MaliciousPackage162 (0.0.1)
  - MaliciousPackage163 (0.0.1)
  - MaliciousPackage164 (0.0.1)
  - MaliciousPackage165 (0.0.1)
  - MaliciousPackage166 (0.0.1)
  - MaliciousPackage167 (0.0.1)
  - MaliciousPackage168 (0.0.1)
  - MaliciousPackage169 (0.0.1)
  - MaliciousPackage170 (0.0.1)
  - MaliciousPackage171 (0.0.1)
  - MaliciousPackage172 (0.0.1)
  - MaliciousPackage173 (0.0.1)
  - MaliciousPackage174 (0.0.1)
  - MaliciousPackage175 (0.0.1)
  - MaliciousPackage176 (0.0.1)
  - MaliciousPackage177 (0.0.1)
  - MaliciousPackage178 (0.0.1)
  - MaliciousPackage179 (0.0.1)
  - MaliciousPackage180 (0.0.1)
  - MaliciousPackage181 (0.0.1)
  - MaliciousPackage182 (0.0.1)
  - MaliciousPackage183 (0.0.1)
  - MaliciousPackage184 (0.0.1)
  - MaliciousPackage185 (0.0.1)
  - MaliciousPackage186 (0.0.1)
  - MaliciousPackage187 (0.0.1)
  - MaliciousPackage188 (0.0.1)
  - MaliciousPackage189 (0.0.1)
  - MaliciousPackage190 (0.0.1)
  - MaliciousPackage191 (0.0.1)
  - MaliciousPackage192 (0.0.1)
  - MaliciousPackage193 (0.0.1)
  - MaliciousPackage194 (0.0.1)
  - MaliciousPackage195 (0.0.1)
  - MaliciousPackage196 (0.0.1)
  - MaliciousPackage197 (0.0.1)
  - MaliciousPackage198 (0.0.1)
  - MaliciousPackage199 (0.0.1)
